
Microsoft Visual Studio Solution File, Format Version 12.00
# Visual Studio Version 17
VisualStudioVersion = 17.0.31903.59
MinimumVisualStudioVersion = 10.0.40219.1
Project("{FAE04EC0-301F-11D3-BF4B-00C04F79EFBC}") = "Day1", "Day1\Day1.csproj", "{7BBFB50B-D51B-42C3-B341-9BBD5672B751}"
EndProject
Project("{2150E333-8FDC-42A3-9474-1A3956D46DE8}") = "Solution Items", "Solution Items", "{D142F0AF-9F87-44F7-AB70-8C43A8645CD5}"
	ProjectSection(SolutionItems) = preProject
		.editorconfig = .editorconfig
		.gitignore = .gitignore
		Directory.Build.props = Directory.Build.props
		Directory.Build.targets = Directory.Build.targets
	EndProjectSection
EndProject
Project("{FAE04EC0-301F-11D3-BF4B-00C04F79EFBC}") = "Day2", "Day2\Day2.csproj", "{95754907-D429-40A5-9DF6-60DDCD381CDC}"
EndProject
Project("{FAE04EC0-301F-11D3-BF4B-00C04F79EFBC}") = "Day3", "Day3\Day3.csproj", "{9E7F2B58-5D10-4A5B-8D7D-F47746F536C1}"
EndProject
Project("{FAE04EC0-301F-11D3-BF4B-00C04F79EFBC}") = "Day4", "Day4\Day4.csproj", "{CCDBE936-6FFC-429A-A677-B005B76A01F7}"
EndProject
Project("{FAE04EC0-301F-11D3-BF4B-00C04F79EFBC}") = "Day5", "Day5\Day5.csproj", "{D347F413-71A4-4D6F-B336-431EB346A7F5}"
EndProject
Project("{FAE04EC0-301F-11D3-BF4B-00C04F79EFBC}") = "Day6", "Day6\Day6.csproj", "{BE034F39-DD22-4CCA-8335-32C158CD4FD6}"
EndProject
Project("{FAE04EC0-301F-11D3-BF4B-00C04F79EFBC}") = "Day7", "Day7\Day7.csproj", "{D36FE6CE-7207-4D48-9C12-70EDA6065457}"
EndProject
Project("{FAE04EC0-301F-11D3-BF4B-00C04F79EFBC}") = "Day8", "Day8\Day8.csproj", "{489B78E8-D6EA-4F99-8FFA-5F257126A1FB}"
EndProject
Project("{FAE04EC0-301F-11D3-BF4B-00C04F79EFBC}") = "Day9", "Day9\Day9.csproj", "{54C3D78E-696D-4D00-8E21-FEAE14ADE2B7}"
EndProject
Project("{FAE04EC0-301F-11D3-BF4B-00C04F79EFBC}") = "Day10", "Day10\Day10.csproj", "{5265EE2D-63E3-47B3-95C5-A4CFC7B5B492}"
EndProject
Project("{FAE04EC0-301F-11D3-BF4B-00C04F79EFBC}") = "Day11", "Day11\Day11.csproj", "{F20D7C14-7FB4-4317-8007-3A47FFDCB4AC}"
EndProject
Project("{FAE04EC0-301F-11D3-BF4B-00C04F79EFBC}") = "Day12", "Day12\Day12.csproj", "{577A1C85-D5B9-49E2-AAC7-E8EC840B067F}"
EndProject
Project("{FAE04EC0-301F-11D3-BF4B-00C04F79EFBC}") = "Day13", "Day13\Day13.csproj", "{B1C2F916-49A3-48D4-9674-5C5DB55CB8D7}"
EndProject
Project("{FAE04EC0-301F-11D3-BF4B-00C04F79EFBC}") = "Day14", "Day14\Day14.csproj", "{AF11405F-027E-4D64-9335-EAD9770BC546}"
EndProject
Project("{FAE04EC0-301F-11D3-BF4B-00C04F79EFBC}") = "Day15", "Day15\Day15.csproj", "{178E2086-0103-493C-A442-7B231B4DA3E1}"
EndProject
Global
	GlobalSection(SolutionConfigurationPlatforms) = preSolution
		Debug|Any CPU = Debug|Any CPU
		Release|Any CPU = Release|Any CPU
	EndGlobalSection
	GlobalSection(ProjectConfigurationPlatforms) = postSolution
		{7BBFB50B-D51B-42C3-B341-9BBD5672B751}.Debug|Any CPU.ActiveCfg = Debug|Any CPU
		{7BBFB50B-D51B-42C3-B341-9BBD5672B751}.Debug|Any CPU.Build.0 = Debug|Any CPU
		{7BBFB50B-D51B-42C3-B341-9BBD5672B751}.Release|Any CPU.ActiveCfg = Release|Any CPU
		{7BBFB50B-D51B-42C3-B341-9BBD5672B751}.Release|Any CPU.Build.0 = Release|Any CPU
		{95754907-D429-40A5-9DF6-60DDCD381CDC}.Debug|Any CPU.ActiveCfg = Debug|Any CPU
		{95754907-D429-40A5-9DF6-60DDCD381CDC}.Debug|Any CPU.Build.0 = Debug|Any CPU
		{95754907-D429-40A5-9DF6-60DDCD381CDC}.Release|Any CPU.ActiveCfg = Release|Any CPU
		{95754907-D429-40A5-9DF6-60DDCD381CDC}.Release|Any CPU.Build.0 = Release|Any CPU
		{9E7F2B58-5D10-4A5B-8D7D-F47746F536C1}.Debug|Any CPU.ActiveCfg = Debug|Any CPU
		{9E7F2B58-5D10-4A5B-8D7D-F47746F536C1}.Debug|Any CPU.Build.0 = Debug|Any CPU
		{9E7F2B58-5D10-4A5B-8D7D-F47746F536C1}.Release|Any CPU.ActiveCfg = Release|Any CPU
		{9E7F2B58-5D10-4A5B-8D7D-F47746F536C1}.Release|Any CPU.Build.0 = Release|Any CPU
		{CCDBE936-6FFC-429A-A677-B005B76A01F7}.Debug|Any CPU.ActiveCfg = Debug|Any CPU
		{CCDBE936-6FFC-429A-A677-B005B76A01F7}.Debug|Any CPU.Build.0 = Debug|Any CPU
		{CCDBE936-6FFC-429A-A677-B005B76A01F7}.Release|Any CPU.ActiveCfg = Release|Any CPU
		{CCDBE936-6FFC-429A-A677-B005B76A01F7}.Release|Any CPU.Build.0 = Release|Any CPU
		{D347F413-71A4-4D6F-B336-431EB346A7F5}.Debug|Any CPU.ActiveCfg = Debug|Any CPU
		{D347F413-71A4-4D6F-B336-431EB346A7F5}.Debug|Any CPU.Build.0 = Debug|Any CPU
		{D347F413-71A4-4D6F-B336-431EB346A7F5}.Release|Any CPU.ActiveCfg = Release|Any CPU
		{D347F413-71A4-4D6F-B336-431EB346A7F5}.Release|Any CPU.Build.0 = Release|Any CPU
		{BE034F39-DD22-4CCA-8335-32C158CD4FD6}.Debug|Any CPU.ActiveCfg = Debug|Any CPU
		{BE034F39-DD22-4CCA-8335-32C158CD4FD6}.Debug|Any CPU.Build.0 = Debug|Any CPU
		{BE034F39-DD22-4CCA-8335-32C158CD4FD6}.Release|Any CPU.ActiveCfg = Release|Any CPU
		{BE034F39-DD22-4CCA-8335-32C158CD4FD6}.Release|Any CPU.Build.0 = Release|Any CPU
		{D36FE6CE-7207-4D48-9C12-70EDA6065457}.Debug|Any CPU.ActiveCfg = Debug|Any CPU
		{D36FE6CE-7207-4D48-9C12-70EDA6065457}.Debug|Any CPU.Build.0 = Debug|Any CPU
		{D36FE6CE-7207-4D48-9C12-70EDA6065457}.Release|Any CPU.ActiveCfg = Release|Any CPU
		{D36FE6CE-7207-4D48-9C12-70EDA6065457}.Release|Any CPU.Build.0 = Release|Any CPU
		{489B78E8-D6EA-4F99-8FFA-5F257126A1FB}.Debug|Any CPU.ActiveCfg = Debug|Any CPU
		{489B78E8-D6EA-4F99-8FFA-5F257126A1FB}.Debug|Any CPU.Build.0 = Debug|Any CPU
		{489B78E8-D6EA-4F99-8FFA-5F257126A1FB}.Release|Any CPU.ActiveCfg = Release|Any CPU
		{489B78E8-D6EA-4F99-8FFA-5F257126A1FB}.Release|Any CPU.Build.0 = Release|Any CPU
		{54C3D78E-696D-4D00-8E21-FEAE14ADE2B7}.Debug|Any CPU.ActiveCfg = Debug|Any CPU
		{54C3D78E-696D-4D00-8E21-FEAE14ADE2B7}.Debug|Any CPU.Build.0 = Debug|Any CPU
		{54C3D78E-696D-4D00-8E21-FEAE14ADE2B7}.Release|Any CPU.ActiveCfg = Release|Any CPU
		{54C3D78E-696D-4D00-8E21-FEAE14ADE2B7}.Release|Any CPU.Build.0 = Release|Any CPU
		{5265EE2D-63E3-47B3-95C5-A4CFC7B5B492}.Debug|Any CPU.ActiveCfg = Debug|Any CPU
		{5265EE2D-63E3-47B3-95C5-A4CFC7B5B492}.Debug|Any CPU.Build.0 = Debug|Any CPU
		{5265EE2D-63E3-47B3-95C5-A4CFC7B5B492}.Release|Any CPU.ActiveCfg = Release|Any CPU
		{5265EE2D-63E3-47B3-95C5-A4CFC7B5B492}.Release|Any CPU.Build.0 = Release|Any CPU
		{F20D7C14-7FB4-4317-8007-3A47FFDCB4AC}.Debug|Any CPU.ActiveCfg = Debug|Any CPU
		{F20D7C14-7FB4-4317-8007-3A47FFDCB4AC}.Debug|Any CPU.Build.0 = Debug|Any CPU
		{F20D7C14-7FB4-4317-8007-3A47FFDCB4AC}.Release|Any CPU.ActiveCfg = Release|Any CPU
		{F20D7C14-7FB4-4317-8007-3A47FFDCB4AC}.Release|Any CPU.Build.0 = Release|Any CPU
		{577A1C85-D5B9-49E2-AAC7-E8EC840B067F}.Debug|Any CPU.ActiveCfg = Debug|Any CPU
		{577A1C85-D5B9-49E2-AAC7-E8EC840B067F}.Debug|Any CPU.Build.0 = Debug|Any CPU
		{577A1C85-D5B9-49E2-AAC7-E8EC840B067F}.Release|Any CPU.ActiveCfg = Release|Any CPU
		{577A1C85-D5B9-49E2-AAC7-E8EC840B067F}.Release|Any CPU.Build.0 = Release|Any CPU
		{B1C2F916-49A3-48D4-9674-5C5DB55CB8D7}.Debug|Any CPU.ActiveCfg = Debug|Any CPU
		{B1C2F916-49A3-48D4-9674-5C5DB55CB8D7}.Debug|Any CPU.Build.0 = Debug|Any CPU
		{B1C2F916-49A3-48D4-9674-5C5DB55CB8D7}.Release|Any CPU.ActiveCfg = Release|Any CPU
		{B1C2F916-49A3-48D4-9674-5C5DB55CB8D7}.Release|Any CPU.Build.0 = Release|Any CPU
		{AF11405F-027E-4D64-9335-EAD9770BC546}.Debug|Any CPU.ActiveCfg = Debug|Any CPU
		{AF11405F-027E-4D64-9335-EAD9770BC546}.Debug|Any CPU.Build.0 = Debug|Any CPU
		{AF11405F-027E-4D64-9335-EAD9770BC546}.Release|Any CPU.ActiveCfg = Release|Any CPU
		{AF11405F-027E-4D64-9335-EAD9770BC546}.Release|Any CPU.Build.0 = Release|Any CPU
		{178E2086-0103-493C-A442-7B231B4DA3E1}.Debug|Any CPU.ActiveCfg = Debug|Any CPU
		{178E2086-0103-493C-A442-7B231B4DA3E1}.Debug|Any CPU.Build.0 = Debug|Any CPU
		{178E2086-0103-493C-A442-7B231B4DA3E1}.Release|Any CPU.ActiveCfg = Release|Any CPU
		{178E2086-0103-493C-A442-7B231B4DA3E1}.Release|Any CPU.Build.0 = Release|Any CPU
	EndGlobalSection
	GlobalSection(SolutionProperties) = preSolution
		HideSolutionNode = FALSE
	EndGlobalSection
EndGlobal
